// !$*UTF8*$!
{
	archiveVersion = 1;
	classes = {
	};
	objectVersion = 56;
	objects = {

/* Begin PBXBuildFile section */
		863D04152AAB253500632672 /* VehiculeJourneysModel.swift in Sources */ = {isa = PBXBuildFile; fileRef = 863D04142AAB253500632672 /* VehiculeJourneysModel.swift */; };
		863D04192AAB25DE00632672 /* NavitiaEndpoint.swift in Sources */ = {isa = PBXBuildFile; fileRef = 863D04182AAB25DE00632672 /* NavitiaEndpoint.swift */; };
		863D041B2AAB29AD00632672 /* ApiServiceProtocole.swift in Sources */ = {isa = PBXBuildFile; fileRef = 863D041A2AAB29AD00632672 /* ApiServiceProtocole.swift */; };
		863D041D2AAB2A7D00632672 /* ApiService.swift in Sources */ = {isa = PBXBuildFile; fileRef = 863D041C2AAB2A7D00632672 /* ApiService.swift */; };
		863D04202AAB437800632672 /* MapView.swift in Sources */ = {isa = PBXBuildFile; fileRef = 863D041F2AAB437800632672 /* MapView.swift */; };
		863D04232AAB46B500632672 /* BottomSheetView.swift in Sources */ = {isa = PBXBuildFile; fileRef = 863D04222AAB46B500632672 /* BottomSheetView.swift */; };
		863D04292AAB4D3300632672 /* LineShape.swift in Sources */ = {isa = PBXBuildFile; fileRef = 863D04252AAB4D3300632672 /* LineShape.swift */; };
		863D042A2AAB4D3300632672 /* LREdgeCutShapeView.swift in Sources */ = {isa = PBXBuildFile; fileRef = 863D04262AAB4D3300632672 /* LREdgeCutShapeView.swift */; };
		863D042B2AAB4D3300632672 /* BlockView.swift in Sources */ = {isa = PBXBuildFile; fileRef = 863D04272AAB4D3300632672 /* BlockView.swift */; };
		863D042C2AAB4D3300632672 /* RoundedCorner.swift in Sources */ = {isa = PBXBuildFile; fileRef = 863D04282AAB4D3300632672 /* RoundedCorner.swift */; };
		863D04312AAB4D5E00632672 /* TicketListRowView.swift in Sources */ = {isa = PBXBuildFile; fileRef = 863D042E2AAB4D5E00632672 /* TicketListRowView.swift */; };
		863D04322AAB4D5E00632672 /* TicketListView.swift in Sources */ = {isa = PBXBuildFile; fileRef = 863D042F2AAB4D5E00632672 /* TicketListView.swift */; };
		863D04332AAB4D5E00632672 /* TicketListFooterView.swift in Sources */ = {isa = PBXBuildFile; fileRef = 863D04302AAB4D5E00632672 /* TicketListFooterView.swift */; };
		863D04372AAB4D7D00632672 /* TicketInfoMock.swift in Sources */ = {isa = PBXBuildFile; fileRef = 863D04352AAB4D7D00632672 /* TicketInfoMock.swift */; };
		863D04382AAB4D7D00632672 /* TicketList.swift in Sources */ = {isa = PBXBuildFile; fileRef = 863D04362AAB4D7D00632672 /* TicketList.swift */; };
		863D043A2AAB4D9800632672 /* TicketListViewModel.swift in Sources */ = {isa = PBXBuildFile; fileRef = 863D04392AAB4D9800632672 /* TicketListViewModel.swift */; };
		863D043E2AAB4DAC00632672 /* TicketList.json in Resources */ = {isa = PBXBuildFile; fileRef = 863D043C2AAB4DAC00632672 /* TicketList.json */; };
		863D043F2AAB4DAC00632672 /* TicketListFetcher.swift in Sources */ = {isa = PBXBuildFile; fileRef = 863D043D2AAB4DAC00632672 /* TicketListFetcher.swift */; };
		863D04442AAB4DE900632672 /* TicketDetailTopView.swift in Sources */ = {isa = PBXBuildFile; fileRef = 863D04412AAB4DE900632672 /* TicketDetailTopView.swift */; };
		863D04452AAB4DE900632672 /* TicketDetailView.swift in Sources */ = {isa = PBXBuildFile; fileRef = 863D04422AAB4DE900632672 /* TicketDetailView.swift */; };
		863D04462AAB4DE900632672 /* TicketDetailMainView.swift in Sources */ = {isa = PBXBuildFile; fileRef = 863D04432AAB4DE900632672 /* TicketDetailMainView.swift */; };
		868AC9182AB34759002DA720 /* AddTicketViewModel.swift in Sources */ = {isa = PBXBuildFile; fileRef = 868AC9172AB34759002DA720 /* AddTicketViewModel.swift */; };
		869821A12AB1EE6E0014BDC2 /* AddTicketView.swift in Sources */ = {isa = PBXBuildFile; fileRef = 869821A02AB1EE6E0014BDC2 /* AddTicketView.swift */; };
		869821A32AB1F5C40014BDC2 /* TicketInfo.swift in Sources */ = {isa = PBXBuildFile; fileRef = 869821A22AB1F5C40014BDC2 /* TicketInfo.swift */; };
		86F87B632AA35E8D00F7B710 /* RailMapApp.swift in Sources */ = {isa = PBXBuildFile; fileRef = 86F87B622AA35E8D00F7B710 /* RailMapApp.swift */; };
		86F87B652AA35E8D00F7B710 /* ContentView.swift in Sources */ = {isa = PBXBuildFile; fileRef = 86F87B642AA35E8D00F7B710 /* ContentView.swift */; };
		86F87B672AA35E8D00F7B710 /* Assets.xcassets in Resources */ = {isa = PBXBuildFile; fileRef = 86F87B662AA35E8D00F7B710 /* Assets.xcassets */; };
		86F87B6A2AA35E8D00F7B710 /* Preview Assets.xcassets in Resources */ = {isa = PBXBuildFile; fileRef = 86F87B692AA35E8D00F7B710 /* Preview Assets.xcassets */; };
/* End PBXBuildFile section */

/* Begin PBXFileReference section */
		863D04142AAB253500632672 /* VehiculeJourneysModel.swift */ = {isa = PBXFileReference; lastKnownFileType = sourcecode.swift; path = VehiculeJourneysModel.swift; sourceTree = "<group>"; };
		863D04182AAB25DE00632672 /* NavitiaEndpoint.swift */ = {isa = PBXFileReference; lastKnownFileType = sourcecode.swift; path = NavitiaEndpoint.swift; sourceTree = "<group>"; };
		863D041A2AAB29AD00632672 /* ApiServiceProtocole.swift */ = {isa = PBXFileReference; lastKnownFileType = sourcecode.swift; path = ApiServiceProtocole.swift; sourceTree = "<group>"; };
		863D041C2AAB2A7D00632672 /* ApiService.swift */ = {isa = PBXFileReference; lastKnownFileType = sourcecode.swift; path = ApiService.swift; sourceTree = "<group>"; };
		863D041F2AAB437800632672 /* MapView.swift */ = {isa = PBXFileReference; lastKnownFileType = sourcecode.swift; path = MapView.swift; sourceTree = "<group>"; };
		863D04222AAB46B500632672 /* BottomSheetView.swift */ = {isa = PBXFileReference; lastKnownFileType = sourcecode.swift; path = BottomSheetView.swift; sourceTree = "<group>"; };
		863D04252AAB4D3300632672 /* LineShape.swift */ = {isa = PBXFileReference; fileEncoding = 4; lastKnownFileType = sourcecode.swift; path = LineShape.swift; sourceTree = "<group>"; };
		863D04262AAB4D3300632672 /* LREdgeCutShapeView.swift */ = {isa = PBXFileReference; fileEncoding = 4; lastKnownFileType = sourcecode.swift; path = LREdgeCutShapeView.swift; sourceTree = "<group>"; };
		863D04272AAB4D3300632672 /* BlockView.swift */ = {isa = PBXFileReference; fileEncoding = 4; lastKnownFileType = sourcecode.swift; path = BlockView.swift; sourceTree = "<group>"; };
		863D04282AAB4D3300632672 /* RoundedCorner.swift */ = {isa = PBXFileReference; fileEncoding = 4; lastKnownFileType = sourcecode.swift; path = RoundedCorner.swift; sourceTree = "<group>"; };
		863D042E2AAB4D5E00632672 /* TicketListRowView.swift */ = {isa = PBXFileReference; fileEncoding = 4; lastKnownFileType = sourcecode.swift; path = TicketListRowView.swift; sourceTree = "<group>"; };
		863D042F2AAB4D5E00632672 /* TicketListView.swift */ = {isa = PBXFileReference; fileEncoding = 4; lastKnownFileType = sourcecode.swift; path = TicketListView.swift; sourceTree = "<group>"; };
		863D04302AAB4D5E00632672 /* TicketListFooterView.swift */ = {isa = PBXFileReference; fileEncoding = 4; lastKnownFileType = sourcecode.swift; path = TicketListFooterView.swift; sourceTree = "<group>"; };
		863D04352AAB4D7D00632672 /* TicketInfoMock.swift */ = {isa = PBXFileReference; fileEncoding = 4; lastKnownFileType = sourcecode.swift; path = TicketInfoMock.swift; sourceTree = "<group>"; };
		863D04362AAB4D7D00632672 /* TicketList.swift */ = {isa = PBXFileReference; fileEncoding = 4; lastKnownFileType = sourcecode.swift; path = TicketList.swift; sourceTree = "<group>"; };
		863D04392AAB4D9800632672 /* TicketListViewModel.swift */ = {isa = PBXFileReference; fileEncoding = 4; lastKnownFileType = sourcecode.swift; path = TicketListViewModel.swift; sourceTree = "<group>"; };
		863D043C2AAB4DAC00632672 /* TicketList.json */ = {isa = PBXFileReference; fileEncoding = 4; lastKnownFileType = text.json; path = TicketList.json; sourceTree = "<group>"; };
		863D043D2AAB4DAC00632672 /* TicketListFetcher.swift */ = {isa = PBXFileReference; fileEncoding = 4; lastKnownFileType = sourcecode.swift; path = TicketListFetcher.swift; sourceTree = "<group>"; };
		863D04412AAB4DE900632672 /* TicketDetailTopView.swift */ = {isa = PBXFileReference; fileEncoding = 4; lastKnownFileType = sourcecode.swift; path = TicketDetailTopView.swift; sourceTree = "<group>"; };
		863D04422AAB4DE900632672 /* TicketDetailView.swift */ = {isa = PBXFileReference; fileEncoding = 4; lastKnownFileType = sourcecode.swift; path = TicketDetailView.swift; sourceTree = "<group>"; };
		863D04432AAB4DE900632672 /* TicketDetailMainView.swift */ = {isa = PBXFileReference; fileEncoding = 4; lastKnownFileType = sourcecode.swift; path = TicketDetailMainView.swift; sourceTree = "<group>"; };
		868AC9172AB34759002DA720 /* AddTicketViewModel.swift */ = {isa = PBXFileReference; lastKnownFileType = sourcecode.swift; path = AddTicketViewModel.swift; sourceTree = "<group>"; };
		868AC9192AB3603C002DA720 /* Info.plist */ = {isa = PBXFileReference; lastKnownFileType = text.plist; path = Info.plist; sourceTree = "<group>"; };
		869821A02AB1EE6E0014BDC2 /* AddTicketView.swift */ = {isa = PBXFileReference; lastKnownFileType = sourcecode.swift; path = AddTicketView.swift; sourceTree = "<group>"; };
		869821A22AB1F5C40014BDC2 /* TicketInfo.swift */ = {isa = PBXFileReference; lastKnownFileType = sourcecode.swift; path = TicketInfo.swift; sourceTree = "<group>"; };
		86F87B5F2AA35E8D00F7B710 /* RailMap.app */ = {isa = PBXFileReference; explicitFileType = wrapper.application; includeInIndex = 0; path = RailMap.app; sourceTree = BUILT_PRODUCTS_DIR; };
		86F87B622AA35E8D00F7B710 /* RailMapApp.swift */ = {isa = PBXFileReference; lastKnownFileType = sourcecode.swift; path = RailMapApp.swift; sourceTree = "<group>"; };
		86F87B642AA35E8D00F7B710 /* ContentView.swift */ = {isa = PBXFileReference; lastKnownFileType = sourcecode.swift; path = ContentView.swift; sourceTree = "<group>"; };
		86F87B662AA35E8D00F7B710 /* Assets.xcassets */ = {isa = PBXFileReference; lastKnownFileType = folder.assetcatalog; path = Assets.xcassets; sourceTree = "<group>"; };
		86F87B692AA35E8D00F7B710 /* Preview Assets.xcassets */ = {isa = PBXFileReference; lastKnownFileType = folder.assetcatalog; path = "Preview Assets.xcassets"; sourceTree = "<group>"; };
/* End PBXFileReference section */

/* Begin PBXFrameworksBuildPhase section */
		86F87B5C2AA35E8C00F7B710 /* Frameworks */ = {
			isa = PBXFrameworksBuildPhase;
			buildActionMask = 2147483647;
			files = (
			);
			runOnlyForDeploymentPostprocessing = 0;
		};
/* End PBXFrameworksBuildPhase section */

/* Begin PBXGroup section */
		863D040E2AAB20C100632672 /* Models */ = {
			isa = PBXGroup;
			children = (
				863D04342AAB4D6D00632672 /* Tickets */,
			);
			path = Models;
			sourceTree = "<group>";
		};
		863D040F2AAB20C700632672 /* Views */ = {
			isa = PBXGroup;
			children = (
				863D04242AAB4CFA00632672 /* Component */,
				863D04212AAB469900632672 /* BottomSheetView */,
				863D041E2AAB436C00632672 /* Map */,
				86F87B642AA35E8D00F7B710 /* ContentView.swift */,
			);
			path = Views;
			sourceTree = "<group>";
		};
		863D04102AAB20CD00632672 /* View Models */ = {
			isa = PBXGroup;
			children = (
				868AC9162AB34744002DA720 /* AddTicketVM */,
				863D04392AAB4D9800632672 /* TicketListViewModel.swift */,
			);
			path = "View Models";
			sourceTree = "<group>";
		};
		863D04112AAB20D300632672 /* Utilities */ = {
			isa = PBXGroup;
			children = (
				863D04122AAB21DD00632672 /* APIService */,
			);
			path = Utilities;
			sourceTree = "<group>";
		};
		863D04122AAB21DD00632672 /* APIService */ = {
			isa = PBXGroup;
			children = (
				863D04172AAB258D00632672 /* Endpoints */,
				863D04132AAB250000632672 /* Models */,
				863D041A2AAB29AD00632672 /* ApiServiceProtocole.swift */,
				863D041C2AAB2A7D00632672 /* ApiService.swift */,
			);
			path = APIService;
			sourceTree = "<group>";
		};
		863D04132AAB250000632672 /* Models */ = {
			isa = PBXGroup;
			children = (
				863D04162AAB257C00632672 /* NavitiaModels */,
			);
			path = Models;
			sourceTree = "<group>";
		};
		863D04162AAB257C00632672 /* NavitiaModels */ = {
			isa = PBXGroup;
			children = (
				863D04142AAB253500632672 /* VehiculeJourneysModel.swift */,
			);
			path = NavitiaModels;
			sourceTree = "<group>";
		};
		863D04172AAB258D00632672 /* Endpoints */ = {
			isa = PBXGroup;
			children = (
				863D04182AAB25DE00632672 /* NavitiaEndpoint.swift */,
			);
			path = Endpoints;
			sourceTree = "<group>";
		};
		863D041E2AAB436C00632672 /* Map */ = {
			isa = PBXGroup;
			children = (
				863D041F2AAB437800632672 /* MapView.swift */,
			);
			path = Map;
			sourceTree = "<group>";
		};
		863D04212AAB469900632672 /* BottomSheetView */ = {
			isa = PBXGroup;
			children = (
				8698219F2AB1EE590014BDC2 /* AddTicket */,
				863D04222AAB46B500632672 /* BottomSheetView.swift */,
				863D04402AAB4DD900632672 /* TicketDetailView */,
				863D042D2AAB4D3B00632672 /* TicketList */,
			);
			path = BottomSheetView;
			sourceTree = "<group>";
		};
		863D04242AAB4CFA00632672 /* Component */ = {
			isa = PBXGroup;
			children = (
				863D04272AAB4D3300632672 /* BlockView.swift */,
				863D04252AAB4D3300632672 /* LineShape.swift */,
				863D04262AAB4D3300632672 /* LREdgeCutShapeView.swift */,
				863D04282AAB4D3300632672 /* RoundedCorner.swift */,
			);
			path = Component;
			sourceTree = "<group>";
		};
		863D042D2AAB4D3B00632672 /* TicketList */ = {
			isa = PBXGroup;
			children = (
				863D04302AAB4D5E00632672 /* TicketListFooterView.swift */,
				863D042E2AAB4D5E00632672 /* TicketListRowView.swift */,
				863D042F2AAB4D5E00632672 /* TicketListView.swift */,
			);
			path = TicketList;
			sourceTree = "<group>";
		};
		863D04342AAB4D6D00632672 /* Tickets */ = {
			isa = PBXGroup;
			children = (
				863D04352AAB4D7D00632672 /* TicketInfoMock.swift */,
				863D04362AAB4D7D00632672 /* TicketList.swift */,
				869821A22AB1F5C40014BDC2 /* TicketInfo.swift */,
			);
			path = Tickets;
			sourceTree = "<group>";
		};
		863D043B2AAB4D9F00632672 /* MockData */ = {
			isa = PBXGroup;
			children = (
				863D043C2AAB4DAC00632672 /* TicketList.json */,
				863D043D2AAB4DAC00632672 /* TicketListFetcher.swift */,
			);
			path = MockData;
			sourceTree = "<group>";
		};
		863D04402AAB4DD900632672 /* TicketDetailView */ = {
			isa = PBXGroup;
			children = (
				863D04432AAB4DE900632672 /* TicketDetailMainView.swift */,
				863D04412AAB4DE900632672 /* TicketDetailTopView.swift */,
				863D04422AAB4DE900632672 /* TicketDetailView.swift */,
			);
			path = TicketDetailView;
			sourceTree = "<group>";
		};
		868AC9162AB34744002DA720 /* AddTicketVM */ = {
			isa = PBXGroup;
			children = (
				868AC9172AB34759002DA720 /* AddTicketViewModel.swift */,
			);
			path = AddTicketVM;
			sourceTree = "<group>";
		};
		8698219F2AB1EE590014BDC2 /* AddTicket */ = {
			isa = PBXGroup;
			children = (
				869821A02AB1EE6E0014BDC2 /* AddTicketView.swift */,
			);
			path = AddTicket;
			sourceTree = "<group>";
		};
		86F87B562AA35E8C00F7B710 = {
			isa = PBXGroup;
			children = (
				86F87B612AA35E8D00F7B710 /* RailMap */,
				86F87B602AA35E8D00F7B710 /* Products */,
			);
			sourceTree = "<group>";
		};
		86F87B602AA35E8D00F7B710 /* Products */ = {
			isa = PBXGroup;
			children = (
				86F87B5F2AA35E8D00F7B710 /* RailMap.app */,
			);
			name = Products;
			sourceTree = "<group>";
		};
		86F87B612AA35E8D00F7B710 /* RailMap */ = {
			isa = PBXGroup;
			children = (
				868AC9192AB3603C002DA720 /* Info.plist */,
				863D040F2AAB20C700632672 /* Views */,
				863D04102AAB20CD00632672 /* View Models */,
				863D040E2AAB20C100632672 /* Models */,
				863D043B2AAB4D9F00632672 /* MockData */,
				863D04112AAB20D300632672 /* Utilities */,
				86F87B622AA35E8D00F7B710 /* RailMapApp.swift */,
				86F87B662AA35E8D00F7B710 /* Assets.xcassets */,
				86F87B682AA35E8D00F7B710 /* Preview Content */,
			);
			path = RailMap;
			sourceTree = "<group>";
		};
		86F87B682AA35E8D00F7B710 /* Preview Content */ = {
			isa = PBXGroup;
			children = (
				86F87B692AA35E8D00F7B710 /* Preview Assets.xcassets */,
			);
			path = "Preview Content";
			sourceTree = "<group>";
		};
/* End PBXGroup section */

/* Begin PBXNativeTarget section */
		86F87B5E2AA35E8C00F7B710 /* RailMap */ = {
			isa = PBXNativeTarget;
			buildConfigurationList = 86F87B6F2AA35E8D00F7B710 /* Build configuration list for PBXNativeTarget "RailMap" */;
			buildPhases = (
				86F87B5B2AA35E8C00F7B710 /* Sources */,
				86F87B5C2AA35E8C00F7B710 /* Frameworks */,
				86F87B5D2AA35E8C00F7B710 /* Resources */,
			);
			buildRules = (
			);
			dependencies = (
			);
			name = RailMap;
			productName = RailMap;
			productReference = 86F87B5F2AA35E8D00F7B710 /* RailMap.app */;
			productType = "com.apple.product-type.application";
		};
/* End PBXNativeTarget section */

/* Begin PBXProject section */
		86F87B572AA35E8C00F7B710 /* Project object */ = {
			isa = PBXProject;
			attributes = {
				BuildIndependentTargetsInParallel = 1;
				LastSwiftUpdateCheck = 1500;
				LastUpgradeCheck = 1500;
				TargetAttributes = {
					86F87B5E2AA35E8C00F7B710 = {
						CreatedOnToolsVersion = 15.0;
					};
				};
			};
			buildConfigurationList = 86F87B5A2AA35E8C00F7B710 /* Build configuration list for PBXProject "RailMap" */;
			compatibilityVersion = "Xcode 14.0";
			developmentRegion = en;
			hasScannedForEncodings = 0;
			knownRegions = (
				en,
				Base,
			);
			mainGroup = 86F87B562AA35E8C00F7B710;
			productRefGroup = 86F87B602AA35E8D00F7B710 /* Products */;
			projectDirPath = "";
			projectRoot = "";
			targets = (
				86F87B5E2AA35E8C00F7B710 /* RailMap */,
			);
		};
/* End PBXProject section */

/* Begin PBXResourcesBuildPhase section */
		86F87B5D2AA35E8C00F7B710 /* Resources */ = {
			isa = PBXResourcesBuildPhase;
			buildActionMask = 2147483647;
			files = (
				86F87B6A2AA35E8D00F7B710 /* Preview Assets.xcassets in Resources */,
				86F87B672AA35E8D00F7B710 /* Assets.xcassets in Resources */,
				863D043E2AAB4DAC00632672 /* TicketList.json in Resources */,
			);
			runOnlyForDeploymentPostprocessing = 0;
		};
/* End PBXResourcesBuildPhase section */

/* Begin PBXSourcesBuildPhase section */
		86F87B5B2AA35E8C00F7B710 /* Sources */ = {
			isa = PBXSourcesBuildPhase;
			buildActionMask = 2147483647;
			files = (
				863D043A2AAB4D9800632672 /* TicketListViewModel.swift in Sources */,
				869821A32AB1F5C40014BDC2 /* TicketInfo.swift in Sources */,
				863D042C2AAB4D3300632672 /* RoundedCorner.swift in Sources */,
				863D04202AAB437800632672 /* MapView.swift in Sources */,
				863D043F2AAB4DAC00632672 /* TicketListFetcher.swift in Sources */,
				863D04232AAB46B500632672 /* BottomSheetView.swift in Sources */,
				863D04452AAB4DE900632672 /* TicketDetailView.swift in Sources */,
				863D042B2AAB4D3300632672 /* BlockView.swift in Sources */,
				863D04152AAB253500632672 /* VehiculeJourneysModel.swift in Sources */,
				863D04332AAB4D5E00632672 /* TicketListFooterView.swift in Sources */,
				868AC9182AB34759002DA720 /* AddTicketViewModel.swift in Sources */,
				86F87B652AA35E8D00F7B710 /* ContentView.swift in Sources */,
				869821A12AB1EE6E0014BDC2 /* AddTicketView.swift in Sources */,
				863D04292AAB4D3300632672 /* LineShape.swift in Sources */,
				863D04312AAB4D5E00632672 /* TicketListRowView.swift in Sources */,
				863D041D2AAB2A7D00632672 /* ApiService.swift in Sources */,
				863D041B2AAB29AD00632672 /* ApiServiceProtocole.swift in Sources */,
				863D04462AAB4DE900632672 /* TicketDetailMainView.swift in Sources */,
				863D04442AAB4DE900632672 /* TicketDetailTopView.swift in Sources */,
				863D04372AAB4D7D00632672 /* TicketInfoMock.swift in Sources */,
				863D04192AAB25DE00632672 /* NavitiaEndpoint.swift in Sources */,
				863D04382AAB4D7D00632672 /* TicketList.swift in Sources */,
				863D042A2AAB4D3300632672 /* LREdgeCutShapeView.swift in Sources */,
				863D04322AAB4D5E00632672 /* TicketListView.swift in Sources */,
				86F87B632AA35E8D00F7B710 /* RailMapApp.swift in Sources */,
			);
			runOnlyForDeploymentPostprocessing = 0;
		};
/* End PBXSourcesBuildPhase section */

/* Begin XCBuildConfiguration section */
		86F87B6D2AA35E8D00F7B710 /* Debug */ = {
			isa = XCBuildConfiguration;
			buildSettings = {
				ALWAYS_SEARCH_USER_PATHS = NO;
				ASSETCATALOG_COMPILER_GENERATE_SWIFT_ASSET_SYMBOL_EXTENSIONS = YES;
				CLANG_ANALYZER_NONNULL = YES;
				CLANG_ANALYZER_NUMBER_OBJECT_CONVERSION = YES_AGGRESSIVE;
				CLANG_CXX_LANGUAGE_STANDARD = "gnu++20";
				CLANG_ENABLE_MODULES = YES;
				CLANG_ENABLE_OBJC_ARC = YES;
				CLANG_ENABLE_OBJC_WEAK = YES;
				CLANG_WARN_BLOCK_CAPTURE_AUTORELEASING = YES;
				CLANG_WARN_BOOL_CONVERSION = YES;
				CLANG_WARN_COMMA = YES;
				CLANG_WARN_CONSTANT_CONVERSION = YES;
				CLANG_WARN_DEPRECATED_OBJC_IMPLEMENTATIONS = YES;
				CLANG_WARN_DIRECT_OBJC_ISA_USAGE = YES_ERROR;
				CLANG_WARN_DOCUMENTATION_COMMENTS = YES;
				CLANG_WARN_EMPTY_BODY = YES;
				CLANG_WARN_ENUM_CONVERSION = YES;
				CLANG_WARN_INFINITE_RECURSION = YES;
				CLANG_WARN_INT_CONVERSION = YES;
				CLANG_WARN_NON_LITERAL_NULL_CONVERSION = YES;
				CLANG_WARN_OBJC_IMPLICIT_RETAIN_SELF = YES;
				CLANG_WARN_OBJC_LITERAL_CONVERSION = YES;
				CLANG_WARN_OBJC_ROOT_CLASS = YES_ERROR;
				CLANG_WARN_QUOTED_INCLUDE_IN_FRAMEWORK_HEADER = YES;
				CLANG_WARN_RANGE_LOOP_ANALYSIS = YES;
				CLANG_WARN_STRICT_PROTOTYPES = YES;
				CLANG_WARN_SUSPICIOUS_MOVE = YES;
				CLANG_WARN_UNGUARDED_AVAILABILITY = YES_AGGRESSIVE;
				CLANG_WARN_UNREACHABLE_CODE = YES;
				CLANG_WARN__DUPLICATE_METHOD_MATCH = YES;
				COPY_PHASE_STRIP = NO;
				DEBUG_INFORMATION_FORMAT = dwarf;
				ENABLE_STRICT_OBJC_MSGSEND = YES;
				ENABLE_TESTABILITY = YES;
				ENABLE_USER_SCRIPT_SANDBOXING = YES;
				GCC_C_LANGUAGE_STANDARD = gnu17;
				GCC_DYNAMIC_NO_PIC = NO;
				GCC_NO_COMMON_BLOCKS = YES;
				GCC_OPTIMIZATION_LEVEL = 0;
				GCC_PREPROCESSOR_DEFINITIONS = (
					"DEBUG=1",
					"$(inherited)",
				);
				GCC_WARN_64_TO_32_BIT_CONVERSION = YES;
				GCC_WARN_ABOUT_RETURN_TYPE = YES_ERROR;
				GCC_WARN_UNDECLARED_SELECTOR = YES;
				GCC_WARN_UNINITIALIZED_AUTOS = YES_AGGRESSIVE;
				GCC_WARN_UNUSED_FUNCTION = YES;
				GCC_WARN_UNUSED_VARIABLE = YES;
				IPHONEOS_DEPLOYMENT_TARGET = 17.0;
				LOCALIZATION_PREFERS_STRING_CATALOGS = YES;
				MTL_ENABLE_DEBUG_INFO = INCLUDE_SOURCE;
				MTL_FAST_MATH = YES;
				ONLY_ACTIVE_ARCH = YES;
				SDKROOT = iphoneos;
				SWIFT_ACTIVE_COMPILATION_CONDITIONS = "DEBUG $(inherited)";
				SWIFT_OPTIMIZATION_LEVEL = "-Onone";
			};
			name = Debug;
		};
		86F87B6E2AA35E8D00F7B710 /* Release */ = {
			isa = XCBuildConfiguration;
			buildSettings = {
				ALWAYS_SEARCH_USER_PATHS = NO;
				ASSETCATALOG_COMPILER_GENERATE_SWIFT_ASSET_SYMBOL_EXTENSIONS = YES;
				CLANG_ANALYZER_NONNULL = YES;
				CLANG_ANALYZER_NUMBER_OBJECT_CONVERSION = YES_AGGRESSIVE;
				CLANG_CXX_LANGUAGE_STANDARD = "gnu++20";
				CLANG_ENABLE_MODULES = YES;
				CLANG_ENABLE_OBJC_ARC = YES;
				CLANG_ENABLE_OBJC_WEAK = YES;
				CLANG_WARN_BLOCK_CAPTURE_AUTORELEASING = YES;
				CLANG_WARN_BOOL_CONVERSION = YES;
				CLANG_WARN_COMMA = YES;
				CLANG_WARN_CONSTANT_CONVERSION = YES;
				CLANG_WARN_DEPRECATED_OBJC_IMPLEMENTATIONS = YES;
				CLANG_WARN_DIRECT_OBJC_ISA_USAGE = YES_ERROR;
				CLANG_WARN_DOCUMENTATION_COMMENTS = YES;
				CLANG_WARN_EMPTY_BODY = YES;
				CLANG_WARN_ENUM_CONVERSION = YES;
				CLANG_WARN_INFINITE_RECURSION = YES;
				CLANG_WARN_INT_CONVERSION = YES;
				CLANG_WARN_NON_LITERAL_NULL_CONVERSION = YES;
				CLANG_WARN_OBJC_IMPLICIT_RETAIN_SELF = YES;
				CLANG_WARN_OBJC_LITERAL_CONVERSION = YES;
				CLANG_WARN_OBJC_ROOT_CLASS = YES_ERROR;
				CLANG_WARN_QUOTED_INCLUDE_IN_FRAMEWORK_HEADER = YES;
				CLANG_WARN_RANGE_LOOP_ANALYSIS = YES;
				CLANG_WARN_STRICT_PROTOTYPES = YES;
				CLANG_WARN_SUSPICIOUS_MOVE = YES;
				CLANG_WARN_UNGUARDED_AVAILABILITY = YES_AGGRESSIVE;
				CLANG_WARN_UNREACHABLE_CODE = YES;
				CLANG_WARN__DUPLICATE_METHOD_MATCH = YES;
				COPY_PHASE_STRIP = NO;
				DEBUG_INFORMATION_FORMAT = "dwarf-with-dsym";
				ENABLE_NS_ASSERTIONS = NO;
				ENABLE_STRICT_OBJC_MSGSEND = YES;
				ENABLE_USER_SCRIPT_SANDBOXING = YES;
				GCC_C_LANGUAGE_STANDARD = gnu17;
				GCC_NO_COMMON_BLOCKS = YES;
				GCC_WARN_64_TO_32_BIT_CONVERSION = YES;
				GCC_WARN_ABOUT_RETURN_TYPE = YES_ERROR;
				GCC_WARN_UNDECLARED_SELECTOR = YES;
				GCC_WARN_UNINITIALIZED_AUTOS = YES_AGGRESSIVE;
				GCC_WARN_UNUSED_FUNCTION = YES;
				GCC_WARN_UNUSED_VARIABLE = YES;
				IPHONEOS_DEPLOYMENT_TARGET = 17.0;
				LOCALIZATION_PREFERS_STRING_CATALOGS = YES;
				MTL_ENABLE_DEBUG_INFO = NO;
				MTL_FAST_MATH = YES;
				SDKROOT = iphoneos;
				SWIFT_COMPILATION_MODE = wholemodule;
				VALIDATE_PRODUCT = YES;
			};
			name = Release;
		};
		86F87B702AA35E8D00F7B710 /* Debug */ = {
			isa = XCBuildConfiguration;
			buildSettings = {
				ASSETCATALOG_COMPILER_APPICON_NAME = AppIcon;
				ASSETCATALOG_COMPILER_GLOBAL_ACCENT_COLOR_NAME = AccentColor;
				CODE_SIGN_STYLE = Automatic;
				CURRENT_PROJECT_VERSION = 1;
				DEVELOPMENT_ASSET_PATHS = "\"RailMap/Preview Content\"";
				DEVELOPMENT_TEAM = MZ3E779E6C;
				ENABLE_PREVIEWS = YES;
				GENERATE_INFOPLIST_FILE = YES;
				INFOPLIST_FILE = RailMap/Info.plist;
				INFOPLIST_KEY_UIApplicationSceneManifest_Generation = YES;
				INFOPLIST_KEY_UIApplicationSupportsIndirectInputEvents = YES;
				INFOPLIST_KEY_UILaunchScreen_Generation = YES;
				INFOPLIST_KEY_UISupportedInterfaceOrientations_iPad = "UIInterfaceOrientationPortrait UIInterfaceOrientationPortraitUpsideDown UIInterfaceOrientationLandscapeLeft UIInterfaceOrientationLandscapeRight";
				INFOPLIST_KEY_UISupportedInterfaceOrientations_iPhone = "UIInterfaceOrientationPortrait UIInterfaceOrientationLandscapeLeft UIInterfaceOrientationLandscapeRight";
				LD_RUNPATH_SEARCH_PATHS = (
					"$(inherited)",
					"@executable_path/Frameworks",
				);
				MARKETING_VERSION = 1.0;
				PRODUCT_BUNDLE_IDENTIFIER = "jeremie-ada.RailMap";
				PRODUCT_NAME = "$(TARGET_NAME)";
				SWIFT_EMIT_LOC_STRINGS = YES;
				SWIFT_VERSION = 5.0;
				TARGETED_DEVICE_FAMILY = "1,2";
			};
			name = Debug;
		};
		86F87B712AA35E8D00F7B710 /* Release */ = {
			isa = XCBuildConfiguration;
			buildSettings = {
				ASSETCATALOG_COMPILER_APPICON_NAME = AppIcon;
				ASSETCATALOG_COMPILER_GLOBAL_ACCENT_COLOR_NAME = AccentColor;
				CODE_SIGN_STYLE = Automatic;
				CURRENT_PROJECT_VERSION = 1;
				DEVELOPMENT_ASSET_PATHS = "\"RailMap/Preview Content\"";
				DEVELOPMENT_TEAM = MZ3E779E6C;
				ENABLE_PREVIEWS = YES;
				GENERATE_INFOPLIST_FILE = YES;
				INFOPLIST_FILE = RailMap/Info.plist;
				INFOPLIST_KEY_UIApplicationSceneManifest_Generation = YES;
				INFOPLIST_KEY_UIApplicationSupportsIndirectInputEvents = YES;
				INFOPLIST_KEY_UILaunchScreen_Generation = YES;
				INFOPLIST_KEY_UISupportedInterfaceOrientations_iPad = "UIInterfaceOrientationPortrait UIInterfaceOrientationPortraitUpsideDown UIInterfaceOrientationLandscapeLeft UIInterfaceOrientationLandscapeRight";
				INFOPLIST_KEY_UISupportedInterfaceOrientations_iPhone = "UIInterfaceOrientationPortrait UIInterfaceOrientationLandscapeLeft UIInterfaceOrientationLandscapeRight";
				LD_RUNPATH_SEARCH_PATHS = (
					"$(inherited)",
					"@executable_path/Frameworks",
				);
				MARKETING_VERSION = 1.0;
				PRODUCT_BUNDLE_IDENTIFIER = "jeremie-ada.RailMap";
				PRODUCT_NAME = "$(TARGET_NAME)";
				SWIFT_EMIT_LOC_STRINGS = YES;
				SWIFT_VERSION = 5.0;
				TARGETED_DEVICE_FAMILY = "1,2";
			};
			name = Release;
		};
/* End XCBuildConfiguration section */

/* Begin XCConfigurationList section */
		86F87B5A2AA35E8C00F7B710 /* Build configuration list for PBXProject "RailMap" */ = {
			isa = XCConfigurationList;
			buildConfigurations = (
				86F87B6D2AA35E8D00F7B710 /* Debug */,
				86F87B6E2AA35E8D00F7B710 /* Release */,
			);
			defaultConfigurationIsVisible = 0;
			defaultConfigurationName = Release;
		};
		86F87B6F2AA35E8D00F7B710 /* Build configuration list for PBXNativeTarget "RailMap" */ = {
			isa = XCConfigurationList;
			buildConfigurations = (
				86F87B702AA35E8D00F7B710 /* Debug */,
				86F87B712AA35E8D00F7B710 /* Release */,
			);
			defaultConfigurationIsVisible = 0;
			defaultConfigurationName = Release;
		};
/* End XCConfigurationList section */
	};
	rootObject = 86F87B572AA35E8C00F7B710 /* Project object */;
}
